<?xml version="1.0" encoding="utf-8"?>
<Project ToolsVersion="4.0" xmlns="http://schemas.microsoft.com/developer/msbuild/2003">
  <ItemGroup>
    <ClCompile Include="main.cpp" />
    <ClCompile Include="stdafx.cpp" />
    <ClCompile Include="system\system.cpp" />
    <ClCompile Include="GameScene\Game.cpp">
      <Filter>GameScene</Filter>
    </ClCompile>
    <ClCompile Include="GameScene\GameClear.cpp">
      <Filter>GameScene</Filter>
    </ClCompile>
    <ClCompile Include="GameScene\Title.cpp">
      <Filter>GameScene</Filter>
    </ClCompile>
    <ClCompile Include="GameScene\GameOver.cpp">
      <Filter>GameScene</Filter>
    </ClCompile>
    <ClCompile Include="Board\Board.cpp">
      <Filter>Board</Filter>
    </ClCompile>
    <ClCompile Include="OseroAI\OseroAI.cpp">
      <Filter>OseroAI</Filter>
    </ClCompile>
    <ClCompile Include="Piece\Piece_White.cpp">
      <Filter>Piece</Filter>
    </ClCompile>
    <ClCompile Include="Piece\Piece_Black.cpp">
      <Filter>Piece</Filter>
    </ClCompile>
    <ClCompile Include="ScalePopupAnimation\ScalePopupAnimation.cpp">
      <Filter>ScalePopupAnimation</Filter>
    </ClCompile>
    <ClCompile Include="SoundManager\SoundManager.cpp">
      <Filter>SoundManager</Filter>
    </ClCompile>
  </ItemGroup>
  <ItemGroup>
    <ClInclude Include="stdafx.h" />
    <ClInclude Include="system\system.h" />
    <ClInclude Include="GameScene\Game.h">
      <Filter>GameScene</Filter>
    </ClInclude>
    <ClInclude Include="GameScene\GameClear.h">
      <Filter>GameScene</Filter>
    </ClInclude>
    <ClInclude Include="GameScene\GameOver.h">
      <Filter>GameScene</Filter>
    </ClInclude>
    <ClInclude Include="GameScene\Title.h">
      <Filter>GameScene</Filter>
    </ClInclude>
    <ClInclude Include="Board\Board.h">
      <Filter>Board</Filter>
    </ClInclude>
    <ClInclude Include="OseroAI\OseroAI.h">
      <Filter>OseroAI</Filter>
    </ClInclude>
    <ClInclude Include="Piece\Piece_Black.h">
      <Filter>Piece</Filter>
    </ClInclude>
    <ClInclude Include="Piece\Piece_White.h">
      <Filter>Piece</Filter>
    </ClInclude>
    <ClInclude Include="ScalePopupAnimation\ScalePopupAnimation.h">
      <Filter>ScalePopupAnimation</Filter>
    </ClInclude>
    <ClInclude Include="SoundManager\SoundManager.h">
      <Filter>SoundManager</Filter>
    </ClInclude>
  </ItemGroup>
  <ItemGroup>
    <Filter Include="GameScene">
      <UniqueIdentifier>{9e180d0e-16ba-4242-b06a-a28080af9047}</UniqueIdentifier>
    </Filter>
    <Filter Include="Board">
      <UniqueIdentifier>{83c7ca6e-24d4-4081-8081-a7545776682d}</UniqueIdentifier>
    </Filter>
    <Filter Include="OseroAI">
      <UniqueIdentifier>{cc3c361f-ec76-4270-b788-cfe03f823f8f}</UniqueIdentifier>
    </Filter>
    <Filter Include="Piece">
      <UniqueIdentifier>{af2175c1-059e-48ea-8bd0-b9d696a079e8}</UniqueIdentifier>
    </Filter>
    <Filter Include="ScalePopupAnimation">
      <UniqueIdentifier>{eff8e5d3-af4a-4f77-b718-f928c0763a5e}</UniqueIdentifier>
    </Filter>
    <Filter Include="SoundManager">
      <UniqueIdentifier>{6a034ec0-f95f-4c15-914e-1fbb531b5d66}</UniqueIdentifier>
    </Filter>
  </ItemGroup>
</Project>